{
  "name": "@trust/core",
  "version": "1.0.0",
  "lockfileVersion": 3,
  "requires": true,
  "packages": {
    "": {
      "name": "@trust/core",
      "version": "1.0.0",
      "license": "MIT",
      "dependencies": {
        "@refinio/one.core": "file:../packages/one.core",
        "@refinio/one.models": "file:../packages/one.models"
      },
      "devDependencies": {
        "typescript": "^5.7.2"
      }
    },
    "../packages/one.core": {
      "name": "@refinio/one.core",
      "version": "0.6.1-beta-3",
      "hasInstallScript": true,
      "license": "SEE LICENSE IN LICENSE.md",
      "dependencies": {
        "base64-js": "*",
        "scrypt-js": "*",
        "tweetnacl": "*"
      },
      "devDependencies": {
        "@babel/core": "*",
        "@babel/preset-typescript": "*",
        "@types/chai": "*",
        "@types/debug": "^4.1.12",
        "@types/mocha": "*",
        "@types/node": "*",
        "@types/ws": "*",
        "@typescript-eslint/eslint-plugin": "*",
        "@typescript-eslint/parser": "*",
        "chai": "*",
        "eslint": "*",
        "eslint-config-prettier": "*",
        "eslint-plugin-jsdoc": "*",
        "eslint-plugin-node": "*",
        "eslint-plugin-prettier": "*",
        "jsdoc": "*",
        "jsdoc-babel": "*",
        "mocha": "*",
        "prettier": "*",
        "source-map-support": "*",
        "typedoc": "*",
        "typescript": "*",
        "ws": "*"
      }
    },
    "../packages/one.models": {
      "name": "@refinio/one.models",
      "version": "14.1.0-beta-5",
      "license": "SEE LICENSE IN LICENSE.md",
      "dependencies": {
        "@refinio/one.core": "file:../one.core",
        "base64-js": "^1.5.1",
        "isomorphic-ws": "^5.0.0",
        "node-fetch": "^3.3.2",
        "qrcode": "^1.5.4",
        "tweetnacl": "*",
        "ws": "^8.18.0"
      },
      "devDependencies": {
        "@types/chai": "^5.2.3",
        "@types/chai-as-promised": "*",
        "@types/mocha": "^10.0.10",
        "@types/node": "^24.9.1",
        "@types/passport-http": "*",
        "@types/qrcode": "*",
        "@types/ws": "*",
        "@types/yargs": "*",
        "@typescript-eslint/eslint-plugin": "*",
        "@typescript-eslint/parser": "*",
        "bufferutil": "^4.0.1",
        "chai": "^6.2.0",
        "chai-as-promised": "^8.0.2",
        "eslint": "^8.57.0",
        "eslint-config-prettier": "*",
        "eslint-plugin-jsdoc": "*",
        "eslint-plugin-prettier": "*",
        "eslint-plugin-require-extensions": "^0.1.3",
        "mocha": "^11.7.4",
        "prettier": "*",
        "source-map-support": "*",
        "ts-loader": "*",
        "ts-node": "^10.9.2",
        "typedoc": "*",
        "typescript": "~5.7.3",
        "utf-8-validate": ">=5.0.2",
        "webpack": "*",
        "webpack-cli": "*",
        "ws": "*",
        "yargs": "*"
      }
    },
    "node_modules/@refinio/one.core": {
      "resolved": "../packages/one.core",
      "link": true
    },
    "node_modules/@refinio/one.models": {
      "resolved": "../packages/one.models",
      "link": true
    },
    "node_modules/typescript": {
      "version": "5.9.3",
      "resolved": "https://registry.npmjs.org/typescript/-/typescript-5.9.3.tgz",
      "integrity": "sha512-jl1vZzPDinLr9eUt3J/t7V6FgNEw9QjvBPdysz9KfQDD41fQrC2Y4vKQdiaUpFT4bXlb1RHhLpp8wtm6M5TgSw==",
      "dev": true,
      "license": "Apache-2.0",
      "bin": {
        "tsc": "bin/tsc",
        "tsserver": "bin/tsserver"
      },
      "engines": {
        "node": ">=14.17"
      }
    }
  }
}
